{
  "name": "npm-test",
  "lockfileVersion": 3,
  "requires": true,
  "packages": {
    "": {
      "dependencies": {
        "@ennbook/htmlcli": "^1.0.0"
      }
    },
    "node_modules/@ennbook/htmlcli": {
      "version": "1.0.0",
      "resolved": "https://registry.npmjs.org/@ennbook/htmlcli/-/htmlcli-1.0.0.tgz",
      "integrity": "sha512-Y/GDStdxVrWWU0b1YOKlA8HGstNgvO+40l5PyMEXkSAb7mdMc8QfwB6AgNqCdrjjWOwtC0a6USo+Ckpj80TVpQ==",
      "license": "MIT",
      "bin": {
        "htmlcli": "index.js"
      }
    }
  }
}
